
Microsoft Visual Studio Solution File, Format Version 12.00
# Visual Studio Version 17
VisualStudioVersion = 17.8.34330.188
MinimumVisualStudioVersion = 10.0.40219.1
Project("{FAE04EC0-301F-11D3-BF4B-00C04F79EFBC}") = "StokTakipWebApp", "StokTakipWebApp\StokTakipWebApp.csproj", "{65AD395F-E2AE-4173-89CF-DF23C5070082}"
EndProject
Global
	GlobalSection(SolutionConfigurationPlatforms) = preSolution
		Debug|Any CPU = Debug|Any CPU
		Release|Any CPU = Release|Any CPU
	EndGlobalSection
	GlobalSection(ProjectConfigurationPlatforms) = postSolution
		{65AD395F-E2AE-4173-89CF-DF23C5070082}.Debug|Any CPU.ActiveCfg = Debug|Any CPU
		{65AD395F-E2AE-4173-89CF-DF23C5070082}.Debug|Any CPU.Build.0 = Debug|Any CPU
		{65AD395F-E2AE-4173-89CF-DF23C5070082}.Release|Any CPU.ActiveCfg = Release|Any CPU
		{65AD395F-E2AE-4173-89CF-DF23C5070082}.Release|Any CPU.Build.0 = Release|Any CPU
	EndGlobalSection
	GlobalSection(SolutionProperties) = preSolution
		HideSolutionNode = FALSE
	EndGlobalSection
	GlobalSection(ExtensibilityGlobals) = postSolution
		SolutionGuid = {048ECB12-18AA-4B19-814E-F872CCEB273C}
	EndGlobalSection
EndGlobal
